
Microsoft Visual Studio Solution File, Format Version 12.00
# Visual Studio Version 16
VisualStudioVersion = 16.0.29306.81
MinimumVisualStudioVersion = 10.0.40219.1
Project("{FAE04EC0-301F-11D3-BF4B-00C04F79EFBC}") = "DoAnCoSo", "DoAnCoSo\DoAnCoSo.csproj", "{20E57313-DD50-40C1-AA58-7E0E50E02F56}"
EndProject
Global
	GlobalSection(SolutionConfigurationPlatforms) = preSolution
		Debug|Any CPU = Debug|Any CPU
		Release|Any CPU = Release|Any CPU
	EndGlobalSection
	GlobalSection(ProjectConfigurationPlatforms) = postSolution
		{20E57313-DD50-40C1-AA58-7E0E50E02F56}.Debug|Any CPU.ActiveCfg = Debug|Any CPU
		{20E57313-DD50-40C1-AA58-7E0E50E02F56}.Debug|Any CPU.Build.0 = Debug|Any CPU
		{20E57313-DD50-40C1-AA58-7E0E50E02F56}.Release|Any CPU.ActiveCfg = Release|Any CPU
		{20E57313-DD50-40C1-AA58-7E0E50E02F56}.Release|Any CPU.Build.0 = Release|Any CPU
	EndGlobalSection
	GlobalSection(SolutionProperties) = preSolution
		HideSolutionNode = FALSE
	EndGlobalSection
	GlobalSection(ExtensibilityGlobals) = postSolution
		SolutionGuid = {CC211CB2-F5B6-4398-AD7D-4BE6EB22DF7C}
	EndGlobalSection
EndGlobal
